
Microsoft Visual Studio Solution File, Format Version 12.00
# Visual Studio 15
VisualStudioVersion = 15.0.28307.539
MinimumVisualStudioVersion = 10.0.40219.1
Project("{9A19103F-16F7-4668-BE54-9A1E7A4F7556}") = "netcore", "netcore\netcore.csproj", "{6154E29B-5B00-4597-B017-2438472437CD}"
EndProject
Project("{9A19103F-16F7-4668-BE54-9A1E7A4F7556}") = "AngularPerformanceSamples", "angularsample\AngularPerformanceSamples.csproj", "{CCE61EA0-A265-4BB7-BA39-33009B5019F9}"
EndProject
Project("{FAE04EC0-301F-11D3-BF4B-00C04F79EFBC}") = "PerformanceSamples.Test", "PerformanceSamples.Test\PerformanceSamples.Test.csproj", "{0874DEFB-EF73-4AAB-9CEE-25DC3AC77915}"
EndProject
Global
	GlobalSection(SolutionConfigurationPlatforms) = preSolution
		Debug|Any CPU = Debug|Any CPU
		Release|Any CPU = Release|Any CPU
	EndGlobalSection
	GlobalSection(ProjectConfigurationPlatforms) = postSolution
		{6154E29B-5B00-4597-B017-2438472437CD}.Debug|Any CPU.ActiveCfg = Debug|Any CPU
		{6154E29B-5B00-4597-B017-2438472437CD}.Debug|Any CPU.Build.0 = Debug|Any CPU
		{6154E29B-5B00-4597-B017-2438472437CD}.Release|Any CPU.ActiveCfg = Release|Any CPU
		{6154E29B-5B00-4597-B017-2438472437CD}.Release|Any CPU.Build.0 = Release|Any CPU
		{CCE61EA0-A265-4BB7-BA39-33009B5019F9}.Debug|Any CPU.ActiveCfg = Debug|Any CPU
		{CCE61EA0-A265-4BB7-BA39-33009B5019F9}.Debug|Any CPU.Build.0 = Debug|Any CPU
		{CCE61EA0-A265-4BB7-BA39-33009B5019F9}.Release|Any CPU.ActiveCfg = Release|Any CPU
		{CCE61EA0-A265-4BB7-BA39-33009B5019F9}.Release|Any CPU.Build.0 = Release|Any CPU
		{0874DEFB-EF73-4AAB-9CEE-25DC3AC77915}.Debug|Any CPU.ActiveCfg = Debug|Any CPU
		{0874DEFB-EF73-4AAB-9CEE-25DC3AC77915}.Debug|Any CPU.Build.0 = Debug|Any CPU
		{0874DEFB-EF73-4AAB-9CEE-25DC3AC77915}.Release|Any CPU.ActiveCfg = Release|Any CPU
		{0874DEFB-EF73-4AAB-9CEE-25DC3AC77915}.Release|Any CPU.Build.0 = Release|Any CPU
	EndGlobalSection
	GlobalSection(SolutionProperties) = preSolution
		HideSolutionNode = FALSE
	EndGlobalSection
	GlobalSection(ExtensibilityGlobals) = postSolution
		SolutionGuid = {E04C390A-67E9-480D-8F8A-EDB1124BB49A}
	EndGlobalSection
EndGlobal
